
Microsoft Visual Studio Solution File, Format Version 12.00
# Visual Studio Version 17
VisualStudioVersion = 17.12.35514.174
MinimumVisualStudioVersion = 10.0.40219.1
Project("{FAE04EC0-301F-11D3-BF4B-00C04F79EFBC}") = "UriReducer.Domain", "URIReducer.Domain\UriReducer.Domain.csproj", "{519E7746-4062-426C-AAAB-BA1047747EF2}"
EndProject
Project("{FAE04EC0-301F-11D3-BF4B-00C04F79EFBC}") = "UriReducer.WebAPI", "URIReducer.WebAPI\UriReducer.WebAPI.csproj", "{0454EDDA-F2DF-4F36-879B-B952039D42D2}"
EndProject
Project("{FAE04EC0-301F-11D3-BF4B-00C04F79EFBC}") = "UriReducer.Application", "UriReducer.Application\UriReducer.Application.csproj", "{76C5F66E-A420-44F6-9A2B-95698061E574}"
EndProject
Project("{FAE04EC0-301F-11D3-BF4B-00C04F79EFBC}") = "UriReducer.Persistence", "UriReducer.Persistence\UriReducer.Persistence.csproj", "{F4FE778D-CE86-4168-9BF0-D75D4DF19BEF}"
EndProject
Global
	GlobalSection(SolutionConfigurationPlatforms) = preSolution
		Debug|Any CPU = Debug|Any CPU
		Release|Any CPU = Release|Any CPU
	EndGlobalSection
	GlobalSection(ProjectConfigurationPlatforms) = postSolution
		{519E7746-4062-426C-AAAB-BA1047747EF2}.Debug|Any CPU.ActiveCfg = Debug|Any CPU
		{519E7746-4062-426C-AAAB-BA1047747EF2}.Debug|Any CPU.Build.0 = Debug|Any CPU
		{519E7746-4062-426C-AAAB-BA1047747EF2}.Release|Any CPU.ActiveCfg = Release|Any CPU
		{519E7746-4062-426C-AAAB-BA1047747EF2}.Release|Any CPU.Build.0 = Release|Any CPU
		{0454EDDA-F2DF-4F36-879B-B952039D42D2}.Debug|Any CPU.ActiveCfg = Debug|Any CPU
		{0454EDDA-F2DF-4F36-879B-B952039D42D2}.Debug|Any CPU.Build.0 = Debug|Any CPU
		{0454EDDA-F2DF-4F36-879B-B952039D42D2}.Release|Any CPU.ActiveCfg = Release|Any CPU
		{0454EDDA-F2DF-4F36-879B-B952039D42D2}.Release|Any CPU.Build.0 = Release|Any CPU
		{76C5F66E-A420-44F6-9A2B-95698061E574}.Debug|Any CPU.ActiveCfg = Debug|Any CPU
		{76C5F66E-A420-44F6-9A2B-95698061E574}.Debug|Any CPU.Build.0 = Debug|Any CPU
		{76C5F66E-A420-44F6-9A2B-95698061E574}.Release|Any CPU.ActiveCfg = Release|Any CPU
		{76C5F66E-A420-44F6-9A2B-95698061E574}.Release|Any CPU.Build.0 = Release|Any CPU
		{F4FE778D-CE86-4168-9BF0-D75D4DF19BEF}.Debug|Any CPU.ActiveCfg = Debug|Any CPU
		{F4FE778D-CE86-4168-9BF0-D75D4DF19BEF}.Debug|Any CPU.Build.0 = Debug|Any CPU
		{F4FE778D-CE86-4168-9BF0-D75D4DF19BEF}.Release|Any CPU.ActiveCfg = Release|Any CPU
		{F4FE778D-CE86-4168-9BF0-D75D4DF19BEF}.Release|Any CPU.Build.0 = Release|Any CPU
	EndGlobalSection
	GlobalSection(SolutionProperties) = preSolution
		HideSolutionNode = FALSE
	EndGlobalSection
EndGlobal
